
Microsoft Visual Studio Solution File, Format Version 11.00
# Visual Studio 2010
Project("{8BC9CEB8-8B4A-11D0-8D11-00A0C91BC942}") = "ButtonDemo", "ButtonDemo\ButtonDemo.vcxproj", "{59D20993-8C2F-461D-B5EA-9477E90FCBA6}"
EndProject
Global
	GlobalSection(SolutionConfigurationPlatforms) = preSolution
		Debug|Win32 = Debug|Win32
		Release|Win32 = Release|Win32
	EndGlobalSection
	GlobalSection(ProjectConfigurationPlatforms) = postSolution
		{59D20993-8C2F-461D-B5EA-9477E90FCBA6}.Debug|Win32.ActiveCfg = Debug|Win32
		{59D20993-8C2F-461D-B5EA-9477E90FCBA6}.Debug|Win32.Build.0 = Debug|Win32
		{59D20993-8C2F-461D-B5EA-9477E90FCBA6}.Release|Win32.ActiveCfg = Release|Win32
		{59D20993-8C2F-461D-B5EA-9477E90FCBA6}.Release|Win32.Build.0 = Release|Win32
	EndGlobalSection
	GlobalSection(SolutionProperties) = preSolution
		HideSolutionNode = FALSE
	EndGlobalSection
EndGlobal
